
Microsoft Visual Studio Solution File, Format Version 12.00
# Visual Studio Version 16
VisualStudioVersion = 16.0.31025.194
MinimumVisualStudioVersion = 10.0.40219.1
Project("{2150E333-8FDC-42A3-9474-1A3956D46DE8}") = "Data", "Data", "{689732C9-4003-4FFB-9CCD-AE71DF144035}"
EndProject
Project("{2150E333-8FDC-42A3-9474-1A3956D46DE8}") = "Logic", "Logic", "{0A36BAF0-A6B6-4115-BFD0-80B14ACE6635}"
EndProject
Project("{2150E333-8FDC-42A3-9474-1A3956D46DE8}") = "Presentation", "Presentation", "{29E27603-5AEC-4E9A-9F35-E48A382590E4}"
EndProject
Project("{FAE04EC0-301F-11D3-BF4B-00C04F79EFBC}") = "Data", "Data\Data.csproj", "{20336838-0BE1-48D5-BED0-56DD654C3A12}"
EndProject
Project("{FAE04EC0-301F-11D3-BF4B-00C04F79EFBC}") = "DataTests", "DataTests\DataTests.csproj", "{7B1DBD84-1FBD-453F-8ABD-EFAD3B8BA388}"
EndProject
Project("{FAE04EC0-301F-11D3-BF4B-00C04F79EFBC}") = "Services", "Services\Services.csproj", "{8B37DCE5-62A9-47C3-9905-4E8D643B6CE7}"
EndProject
Project("{FAE04EC0-301F-11D3-BF4B-00C04F79EFBC}") = "ServicesTest", "ServicesTest\ServicesTest.csproj", "{768C1698-DBDB-4091-98DF-1B0FC59ACD5E}"
EndProject
Project("{FAE04EC0-301F-11D3-BF4B-00C04F79EFBC}") = "Presentation", "Presentation\Presentation.csproj", "{FCDF242B-6DF5-4AE0-941F-7687D3EB58CB}"
EndProject
Project("{2150E333-8FDC-42A3-9474-1A3956D46DE8}") = "Tests", "Tests", "{ECD869A1-42AB-4FD5-9FB3-DE776E5A59D9}"
EndProject
Project("{FAE04EC0-301F-11D3-BF4B-00C04F79EFBC}") = "PresentationTest", "PresentationTest\PresentationTest.csproj", "{8D932715-F9DC-40E0-B84F-71B10D237E46}"
EndProject
Global
	GlobalSection(SolutionConfigurationPlatforms) = preSolution
		Debug|Any CPU = Debug|Any CPU
		Debug|x86 = Debug|x86
		Release|Any CPU = Release|Any CPU
		Release|x86 = Release|x86
	EndGlobalSection
	GlobalSection(ProjectConfigurationPlatforms) = postSolution
		{20336838-0BE1-48D5-BED0-56DD654C3A12}.Debug|Any CPU.ActiveCfg = Debug|Any CPU
		{20336838-0BE1-48D5-BED0-56DD654C3A12}.Debug|Any CPU.Build.0 = Debug|Any CPU
		{20336838-0BE1-48D5-BED0-56DD654C3A12}.Debug|x86.ActiveCfg = Debug|Any CPU
		{20336838-0BE1-48D5-BED0-56DD654C3A12}.Debug|x86.Build.0 = Debug|Any CPU
		{20336838-0BE1-48D5-BED0-56DD654C3A12}.Release|Any CPU.ActiveCfg = Release|Any CPU
		{20336838-0BE1-48D5-BED0-56DD654C3A12}.Release|Any CPU.Build.0 = Release|Any CPU
		{20336838-0BE1-48D5-BED0-56DD654C3A12}.Release|x86.ActiveCfg = Release|Any CPU
		{20336838-0BE1-48D5-BED0-56DD654C3A12}.Release|x86.Build.0 = Release|Any CPU
		{7B1DBD84-1FBD-453F-8ABD-EFAD3B8BA388}.Debug|Any CPU.ActiveCfg = Debug|Any CPU
		{7B1DBD84-1FBD-453F-8ABD-EFAD3B8BA388}.Debug|Any CPU.Build.0 = Debug|Any CPU
		{7B1DBD84-1FBD-453F-8ABD-EFAD3B8BA388}.Debug|x86.ActiveCfg = Debug|Any CPU
		{7B1DBD84-1FBD-453F-8ABD-EFAD3B8BA388}.Debug|x86.Build.0 = Debug|Any CPU
		{7B1DBD84-1FBD-453F-8ABD-EFAD3B8BA388}.Release|Any CPU.ActiveCfg = Release|Any CPU
		{7B1DBD84-1FBD-453F-8ABD-EFAD3B8BA388}.Release|Any CPU.Build.0 = Release|Any CPU
		{7B1DBD84-1FBD-453F-8ABD-EFAD3B8BA388}.Release|x86.ActiveCfg = Release|Any CPU
		{7B1DBD84-1FBD-453F-8ABD-EFAD3B8BA388}.Release|x86.Build.0 = Release|Any CPU
		{8B37DCE5-62A9-47C3-9905-4E8D643B6CE7}.Debug|Any CPU.ActiveCfg = Debug|Any CPU
		{8B37DCE5-62A9-47C3-9905-4E8D643B6CE7}.Debug|Any CPU.Build.0 = Debug|Any CPU
		{8B37DCE5-62A9-47C3-9905-4E8D643B6CE7}.Debug|x86.ActiveCfg = Debug|Any CPU
		{8B37DCE5-62A9-47C3-9905-4E8D643B6CE7}.Debug|x86.Build.0 = Debug|Any CPU
		{8B37DCE5-62A9-47C3-9905-4E8D643B6CE7}.Release|Any CPU.ActiveCfg = Release|Any CPU
		{8B37DCE5-62A9-47C3-9905-4E8D643B6CE7}.Release|Any CPU.Build.0 = Release|Any CPU
		{8B37DCE5-62A9-47C3-9905-4E8D643B6CE7}.Release|x86.ActiveCfg = Release|Any CPU
		{8B37DCE5-62A9-47C3-9905-4E8D643B6CE7}.Release|x86.Build.0 = Release|Any CPU
		{768C1698-DBDB-4091-98DF-1B0FC59ACD5E}.Debug|Any CPU.ActiveCfg = Debug|Any CPU
		{768C1698-DBDB-4091-98DF-1B0FC59ACD5E}.Debug|Any CPU.Build.0 = Debug|Any CPU
		{768C1698-DBDB-4091-98DF-1B0FC59ACD5E}.Debug|x86.ActiveCfg = Debug|Any CPU
		{768C1698-DBDB-4091-98DF-1B0FC59ACD5E}.Debug|x86.Build.0 = Debug|Any CPU
		{768C1698-DBDB-4091-98DF-1B0FC59ACD5E}.Release|Any CPU.ActiveCfg = Release|Any CPU
		{768C1698-DBDB-4091-98DF-1B0FC59ACD5E}.Release|Any CPU.Build.0 = Release|Any CPU
		{768C1698-DBDB-4091-98DF-1B0FC59ACD5E}.Release|x86.ActiveCfg = Release|Any CPU
		{768C1698-DBDB-4091-98DF-1B0FC59ACD5E}.Release|x86.Build.0 = Release|Any CPU
		{FCDF242B-6DF5-4AE0-941F-7687D3EB58CB}.Debug|Any CPU.ActiveCfg = Debug|Any CPU
		{FCDF242B-6DF5-4AE0-941F-7687D3EB58CB}.Debug|Any CPU.Build.0 = Debug|Any CPU
		{FCDF242B-6DF5-4AE0-941F-7687D3EB58CB}.Debug|x86.ActiveCfg = Debug|Any CPU
		{FCDF242B-6DF5-4AE0-941F-7687D3EB58CB}.Debug|x86.Build.0 = Debug|Any CPU
		{FCDF242B-6DF5-4AE0-941F-7687D3EB58CB}.Release|Any CPU.ActiveCfg = Release|Any CPU
		{FCDF242B-6DF5-4AE0-941F-7687D3EB58CB}.Release|Any CPU.Build.0 = Release|Any CPU
		{FCDF242B-6DF5-4AE0-941F-7687D3EB58CB}.Release|x86.ActiveCfg = Release|Any CPU
		{FCDF242B-6DF5-4AE0-941F-7687D3EB58CB}.Release|x86.Build.0 = Release|Any CPU
		{8D932715-F9DC-40E0-B84F-71B10D237E46}.Debug|Any CPU.ActiveCfg = Debug|Any CPU
		{8D932715-F9DC-40E0-B84F-71B10D237E46}.Debug|Any CPU.Build.0 = Debug|Any CPU
		{8D932715-F9DC-40E0-B84F-71B10D237E46}.Debug|x86.ActiveCfg = Debug|Any CPU
		{8D932715-F9DC-40E0-B84F-71B10D237E46}.Debug|x86.Build.0 = Debug|Any CPU
		{8D932715-F9DC-40E0-B84F-71B10D237E46}.Release|Any CPU.ActiveCfg = Release|Any CPU
		{8D932715-F9DC-40E0-B84F-71B10D237E46}.Release|Any CPU.Build.0 = Release|Any CPU
		{8D932715-F9DC-40E0-B84F-71B10D237E46}.Release|x86.ActiveCfg = Release|Any CPU
		{8D932715-F9DC-40E0-B84F-71B10D237E46}.Release|x86.Build.0 = Release|Any CPU
	EndGlobalSection
	GlobalSection(SolutionProperties) = preSolution
		HideSolutionNode = FALSE
	EndGlobalSection
	GlobalSection(NestedProjects) = preSolution
		{20336838-0BE1-48D5-BED0-56DD654C3A12} = {689732C9-4003-4FFB-9CCD-AE71DF144035}
		{7B1DBD84-1FBD-453F-8ABD-EFAD3B8BA388} = {ECD869A1-42AB-4FD5-9FB3-DE776E5A59D9}
		{8B37DCE5-62A9-47C3-9905-4E8D643B6CE7} = {0A36BAF0-A6B6-4115-BFD0-80B14ACE6635}
		{768C1698-DBDB-4091-98DF-1B0FC59ACD5E} = {ECD869A1-42AB-4FD5-9FB3-DE776E5A59D9}
		{FCDF242B-6DF5-4AE0-941F-7687D3EB58CB} = {29E27603-5AEC-4E9A-9F35-E48A382590E4}
		{8D932715-F9DC-40E0-B84F-71B10D237E46} = {ECD869A1-42AB-4FD5-9FB3-DE776E5A59D9}
	EndGlobalSection
	GlobalSection(ExtensibilityGlobals) = postSolution
		SolutionGuid = {E6A1C123-177A-4492-AC94-787A085E099F}
	EndGlobalSection
EndGlobal
