
Microsoft Visual Studio Solution File, Format Version 12.00
# Visual Studio Version 16
VisualStudioVersion = 16.0.31025.194
MinimumVisualStudioVersion = 10.0.40219.1
Project("{2150E333-8FDC-42A3-9474-1A3956D46DE8}") = "Data", "Data", "{689732C9-4003-4FFB-9CCD-AE71DF144035}"
EndProject
Project("{2150E333-8FDC-42A3-9474-1A3956D46DE8}") = "Logic", "Logic", "{0A36BAF0-A6B6-4115-BFD0-80B14ACE6635}"
EndProject
Project("{2150E333-8FDC-42A3-9474-1A3956D46DE8}") = "Presentation", "Presentation", "{29E27603-5AEC-4E9A-9F35-E48A382590E4}"
EndProject
Project("{9A19103F-16F7-4668-BE54-9A1E7A4F7556}") = "Services", "Services\Services.csproj", "{2BF2E3E4-A40C-4484-AF77-FC375C807F4F}"
EndProject
Project("{9A19103F-16F7-4668-BE54-9A1E7A4F7556}") = "ServicesTests", "ServicesTests\ServicesTests.csproj", "{C4CD8B1C-D717-406A-97E5-0D56B0A1080E}"
EndProject
Project("{9A19103F-16F7-4668-BE54-9A1E7A4F7556}") = "Model", "Model\Model.csproj", "{37675A3E-7027-4D9F-A6BE-2FAA79DA7DC5}"
EndProject
Project("{9A19103F-16F7-4668-BE54-9A1E7A4F7556}") = "Presentation", "Presentation\Presentation.csproj", "{8FDFCF0D-D11E-49E8-AC7B-EA68E339750D}"
EndProject
Project("{9A19103F-16F7-4668-BE54-9A1E7A4F7556}") = "PresentationTests", "PresentationTests\PresentationTests.csproj", "{75AA1E12-157C-4FE6-BA1F-9F638AC56419}"
EndProject
Project("{9A19103F-16F7-4668-BE54-9A1E7A4F7556}") = "ViewModel", "ViewModel\ViewModel.csproj", "{617D125E-8586-4E5C-804A-0BD0A7CB7730}"
EndProject
Project("{FAE04EC0-301F-11D3-BF4B-00C04F79EFBC}") = "Data", "Data\Data.csproj", "{20336838-0BE1-48D5-BED0-56DD654C3A12}"
EndProject
Project("{FAE04EC0-301F-11D3-BF4B-00C04F79EFBC}") = "DataTests", "DataTests\DataTests.csproj", "{7B1DBD84-1FBD-453F-8ABD-EFAD3B8BA388}"
EndProject
Project("{FAE04EC0-301F-11D3-BF4B-00C04F79EFBC}") = "Res", "Res\Res.csproj", "{A2732ABE-E0CB-45B2-8F34-21C833C5C0CC}"
EndProject
Global
	GlobalSection(SolutionConfigurationPlatforms) = preSolution
		Debug|Any CPU = Debug|Any CPU
		Release|Any CPU = Release|Any CPU
	EndGlobalSection
	GlobalSection(ProjectConfigurationPlatforms) = postSolution
		{2BF2E3E4-A40C-4484-AF77-FC375C807F4F}.Debug|Any CPU.ActiveCfg = Debug|Any CPU
		{2BF2E3E4-A40C-4484-AF77-FC375C807F4F}.Debug|Any CPU.Build.0 = Debug|Any CPU
		{2BF2E3E4-A40C-4484-AF77-FC375C807F4F}.Release|Any CPU.ActiveCfg = Release|Any CPU
		{2BF2E3E4-A40C-4484-AF77-FC375C807F4F}.Release|Any CPU.Build.0 = Release|Any CPU
		{C4CD8B1C-D717-406A-97E5-0D56B0A1080E}.Debug|Any CPU.ActiveCfg = Debug|Any CPU
		{C4CD8B1C-D717-406A-97E5-0D56B0A1080E}.Debug|Any CPU.Build.0 = Debug|Any CPU
		{C4CD8B1C-D717-406A-97E5-0D56B0A1080E}.Release|Any CPU.ActiveCfg = Release|Any CPU
		{C4CD8B1C-D717-406A-97E5-0D56B0A1080E}.Release|Any CPU.Build.0 = Release|Any CPU
		{37675A3E-7027-4D9F-A6BE-2FAA79DA7DC5}.Debug|Any CPU.ActiveCfg = Debug|Any CPU
		{37675A3E-7027-4D9F-A6BE-2FAA79DA7DC5}.Debug|Any CPU.Build.0 = Debug|Any CPU
		{37675A3E-7027-4D9F-A6BE-2FAA79DA7DC5}.Release|Any CPU.ActiveCfg = Release|Any CPU
		{37675A3E-7027-4D9F-A6BE-2FAA79DA7DC5}.Release|Any CPU.Build.0 = Release|Any CPU
		{8FDFCF0D-D11E-49E8-AC7B-EA68E339750D}.Debug|Any CPU.ActiveCfg = Debug|Any CPU
		{8FDFCF0D-D11E-49E8-AC7B-EA68E339750D}.Debug|Any CPU.Build.0 = Debug|Any CPU
		{8FDFCF0D-D11E-49E8-AC7B-EA68E339750D}.Release|Any CPU.ActiveCfg = Release|Any CPU
		{8FDFCF0D-D11E-49E8-AC7B-EA68E339750D}.Release|Any CPU.Build.0 = Release|Any CPU
		{75AA1E12-157C-4FE6-BA1F-9F638AC56419}.Debug|Any CPU.ActiveCfg = Debug|Any CPU
		{75AA1E12-157C-4FE6-BA1F-9F638AC56419}.Debug|Any CPU.Build.0 = Debug|Any CPU
		{75AA1E12-157C-4FE6-BA1F-9F638AC56419}.Release|Any CPU.ActiveCfg = Release|Any CPU
		{75AA1E12-157C-4FE6-BA1F-9F638AC56419}.Release|Any CPU.Build.0 = Release|Any CPU
		{617D125E-8586-4E5C-804A-0BD0A7CB7730}.Debug|Any CPU.ActiveCfg = Debug|Any CPU
		{617D125E-8586-4E5C-804A-0BD0A7CB7730}.Debug|Any CPU.Build.0 = Debug|Any CPU
		{617D125E-8586-4E5C-804A-0BD0A7CB7730}.Release|Any CPU.ActiveCfg = Release|Any CPU
		{617D125E-8586-4E5C-804A-0BD0A7CB7730}.Release|Any CPU.Build.0 = Release|Any CPU
		{20336838-0BE1-48D5-BED0-56DD654C3A12}.Debug|Any CPU.ActiveCfg = Debug|Any CPU
		{20336838-0BE1-48D5-BED0-56DD654C3A12}.Debug|Any CPU.Build.0 = Debug|Any CPU
		{20336838-0BE1-48D5-BED0-56DD654C3A12}.Release|Any CPU.ActiveCfg = Release|Any CPU
		{20336838-0BE1-48D5-BED0-56DD654C3A12}.Release|Any CPU.Build.0 = Release|Any CPU
		{7B1DBD84-1FBD-453F-8ABD-EFAD3B8BA388}.Debug|Any CPU.ActiveCfg = Debug|Any CPU
		{7B1DBD84-1FBD-453F-8ABD-EFAD3B8BA388}.Debug|Any CPU.Build.0 = Debug|Any CPU
		{7B1DBD84-1FBD-453F-8ABD-EFAD3B8BA388}.Release|Any CPU.ActiveCfg = Release|Any CPU
		{7B1DBD84-1FBD-453F-8ABD-EFAD3B8BA388}.Release|Any CPU.Build.0 = Release|Any CPU
		{A2732ABE-E0CB-45B2-8F34-21C833C5C0CC}.Debug|Any CPU.ActiveCfg = Debug|Any CPU
		{A2732ABE-E0CB-45B2-8F34-21C833C5C0CC}.Debug|Any CPU.Build.0 = Debug|Any CPU
		{A2732ABE-E0CB-45B2-8F34-21C833C5C0CC}.Release|Any CPU.ActiveCfg = Release|Any CPU
		{A2732ABE-E0CB-45B2-8F34-21C833C5C0CC}.Release|Any CPU.Build.0 = Release|Any CPU
	EndGlobalSection
	GlobalSection(SolutionProperties) = preSolution
		HideSolutionNode = FALSE
	EndGlobalSection
	GlobalSection(NestedProjects) = preSolution
		{2BF2E3E4-A40C-4484-AF77-FC375C807F4F} = {0A36BAF0-A6B6-4115-BFD0-80B14ACE6635}
		{C4CD8B1C-D717-406A-97E5-0D56B0A1080E} = {0A36BAF0-A6B6-4115-BFD0-80B14ACE6635}
		{37675A3E-7027-4D9F-A6BE-2FAA79DA7DC5} = {29E27603-5AEC-4E9A-9F35-E48A382590E4}
		{8FDFCF0D-D11E-49E8-AC7B-EA68E339750D} = {29E27603-5AEC-4E9A-9F35-E48A382590E4}
		{75AA1E12-157C-4FE6-BA1F-9F638AC56419} = {29E27603-5AEC-4E9A-9F35-E48A382590E4}
		{617D125E-8586-4E5C-804A-0BD0A7CB7730} = {29E27603-5AEC-4E9A-9F35-E48A382590E4}
		{20336838-0BE1-48D5-BED0-56DD654C3A12} = {689732C9-4003-4FFB-9CCD-AE71DF144035}
		{7B1DBD84-1FBD-453F-8ABD-EFAD3B8BA388} = {689732C9-4003-4FFB-9CCD-AE71DF144035}
		{A2732ABE-E0CB-45B2-8F34-21C833C5C0CC} = {689732C9-4003-4FFB-9CCD-AE71DF144035}
	EndGlobalSection
	GlobalSection(ExtensibilityGlobals) = postSolution
		SolutionGuid = {E6A1C123-177A-4492-AC94-787A085E099F}
	EndGlobalSection
EndGlobal
